
Microsoft Visual Studio Solution File, Format Version 12.00
# Visual Studio Version 16
VisualStudioVersion = 16.0.31613.86
MinimumVisualStudioVersion = 10.0.40219.1
Project("{FAE04EC0-301F-11D3-BF4B-00C04F79EFBC}") = "LaserMod", "LaserMod.csproj", "{B45DF80E-C060-4DC8-A429-C387467CCB34}"
EndProject
Global
	GlobalSection(SolutionConfigurationPlatforms) = preSolution
		Debug|Any CPU = Debug|Any CPU
		Release|Any CPU = Release|Any CPU
	EndGlobalSection
	GlobalSection(ProjectConfigurationPlatforms) = postSolution
		{B45DF80E-C060-4DC8-A429-C387467CCB34}.Debug|Any CPU.ActiveCfg = Debug|Any CPU
		{B45DF80E-C060-4DC8-A429-C387467CCB34}.Debug|Any CPU.Build.0 = Debug|Any CPU
		{B45DF80E-C060-4DC8-A429-C387467CCB34}.Release|Any CPU.ActiveCfg = Release|Any CPU
		{B45DF80E-C060-4DC8-A429-C387467CCB34}.Release|Any CPU.Build.0 = Release|Any CPU
	EndGlobalSection
	GlobalSection(SolutionProperties) = preSolution
		HideSolutionNode = FALSE
	EndGlobalSection
	GlobalSection(ExtensibilityGlobals) = postSolution
		SolutionGuid = {7816D5FE-35BE-44F1-BAA5-7E1F2B54E5FB}
	EndGlobalSection
EndGlobal
